// !$*UTF8*$!
{
	archiveVersion = 1;
	classes = {
	};
	objectVersion = 46;
	objects = {

/* Begin PBXBuildFile section */
		8468C2C41DB0AD2D002831CE /* main.m in Sources */ = {isa = PBXBuildFile; fileRef = 8468C2C31DB0AD2D002831CE /* main.m */; };
		8468C2C71DB0AD2D002831CE /* AppDelegate.m in Sources */ = {isa = PBXBuildFile; fileRef = 8468C2C61DB0AD2D002831CE /* AppDelegate.m */; };
		8468C2CA1DB0AD2D002831CE /* ViewController.m in Sources */ = {isa = PBXBuildFile; fileRef = 8468C2C91DB0AD2D002831CE /* ViewController.m */; };
		8468C2CD1DB0AD2D002831CE /* Main.storyboard in Resources */ = {isa = PBXBuildFile; fileRef = 8468C2CB1DB0AD2D002831CE /* Main.storyboard */; };
		8468C2CF1DB0AD2D002831CE /* Assets.xcassets in Resources */ = {isa = PBXBuildFile; fileRef = 8468C2CE1DB0AD2D002831CE /* Assets.xcassets */; };
		8468C2D21DB0AD2D002831CE /* LaunchScreen.storyboard in Resources */ = {isa = PBXBuildFile; fileRef = 8468C2D01DB0AD2D002831CE /* LaunchScreen.storyboard */; };
/* End PBXBuildFile section */

/* Begin PBXFileReference section */
		8468C2BF1DB0AD2D002831CE /* StoryBoardCalender.app */ = {isa = PBXFileReference; explicitFileType = wrapper.application; includeInIndex = 0; path = StoryBoardCalender.app; sourceTree = BUILT_PRODUCTS_DIR; };
		8468C2C31DB0AD2D002831CE /* main.m */ = {isa = PBXFileReference; lastKnownFileType = sourcecode.c.objc; path = main.m; sourceTree = "<group>"; };
		8468C2C51DB0AD2D002831CE /* AppDelegate.h */ = {isa = PBXFileReference; lastKnownFileType = sourcecode.c.h; path = AppDelegate.h; sourceTree = "<group>"; };
		8468C2C61DB0AD2D002831CE /* AppDelegate.m */ = {isa = PBXFileReference; lastKnownFileType = sourcecode.c.objc; path = AppDelegate.m; sourceTree = "<group>"; };
		8468C2C81DB0AD2D002831CE /* ViewController.h */ = {isa = PBXFileReference; lastKnownFileType = sourcecode.c.h; path = ViewController.h; sourceTree = "<group>"; };
		8468C2C91DB0AD2D002831CE /* ViewController.m */ = {isa = PBXFileReference; lastKnownFileType = sourcecode.c.objc; path = ViewController.m; sourceTree = "<group>"; };
		8468C2CC1DB0AD2D002831CE /* Base */ = {isa = PBXFileReference; lastKnownFileType = file.storyboard; name = Base; path = Base.lproj/Main.storyboard; sourceTree = "<group>"; };
		8468C2CE1DB0AD2D002831CE /* Assets.xcassets */ = {isa = PBXFileReference; lastKnownFileType = folder.assetcatalog; path = Assets.xcassets; sourceTree = "<group>"; };
		8468C2D11DB0AD2D002831CE /* Base */ = {isa = PBXFileReference; lastKnownFileType = file.storyboard; name = Base; path = Base.lproj/LaunchScreen.storyboard; sourceTree = "<group>"; };
		8468C2D31DB0AD2D002831CE /* Info.plist */ = {isa = PBXFileReference; lastKnownFileType = text.plist.xml; path = Info.plist; sourceTree = "<group>"; };
/* End PBXFileReference section */

/* Begin PBXFrameworksBuildPhase section */
		8468C2BC1DB0AD2D002831CE /* Frameworks */ = {
			isa = PBXFrameworksBuildPhase;
			buildActionMask = 2147483647;
			files = (
			);
			runOnlyForDeploymentPostprocessing = 0;
		};
/* End PBXFrameworksBuildPhase section */

/* Begin PBXGroup section */
		8468C2B61DB0AD2D002831CE = {
			isa = PBXGroup;
			children = (
				8468C2C11DB0AD2D002831CE /* StoryBoardCalender */,
				8468C2C01DB0AD2D002831CE /* Products */,
			);
			sourceTree = "<group>";
		};
		8468C2C01DB0AD2D002831CE /* Products */ = {
			isa = PBXGroup;
			children = (
				8468C2BF1DB0AD2D002831CE /* StoryBoardCalender.app */,
			);
			name = Products;
			sourceTree = "<group>";
		};
		8468C2C11DB0AD2D002831CE /* StoryBoardCalender */ = {
			isa = PBXGroup;
			children = (
				8468C2C51DB0AD2D002831CE /* AppDelegate.h */,
				8468C2C61DB0AD2D002831CE /* AppDelegate.m */,
				8468C2C81DB0AD2D002831CE /* ViewController.h */,
				8468C2C91DB0AD2D002831CE /* ViewController.m */,
				8468C2CB1DB0AD2D002831CE /* Main.storyboard */,
				8468C2CE1DB0AD2D002831CE /* Assets.xcassets */,
				8468C2D01DB0AD2D002831CE /* LaunchScreen.storyboard */,
				8468C2D31DB0AD2D002831CE /* Info.plist */,
				8468C2C21DB0AD2D002831CE /* Supporting Files */,
			);
			path = StoryBoardCalender;
			sourceTree = "<group>";
		};
		8468C2C21DB0AD2D002831CE /* Supporting Files */ = {
			isa = PBXGroup;
			children = (
				8468C2C31DB0AD2D002831CE /* main.m */,
			);
			name = "Supporting Files";
			sourceTree = "<group>";
		};
/* End PBXGroup section */

/* Begin PBXNativeTarget section */
		8468C2BE1DB0AD2D002831CE /* StoryBoardCalender */ = {
			isa = PBXNativeTarget;
			buildConfigurationList = 8468C2D61DB0AD2D002831CE /* Build configuration list for PBXNativeTarget "StoryBoardCalender" */;
			buildPhases = (
				8468C2BB1DB0AD2D002831CE /* Sources */,
				8468C2BC1DB0AD2D002831CE /* Frameworks */,
				8468C2BD1DB0AD2D002831CE /* Resources */,
			);
			buildRules = (
			);
			dependencies = (
			);
			name = StoryBoardCalender;
			productName = StoryBoardCalender;
			productReference = 8468C2BF1DB0AD2D002831CE /* StoryBoardCalender.app */;
			productType = "com.apple.product-type.application";
		};
/* End PBXNativeTarget section */

/* Begin PBXProject section */
		8468C2B71DB0AD2D002831CE /* Project object */ = {
			isa = PBXProject;
			attributes = {
				LastUpgradeCheck = 0730;
				ORGANIZATIONNAME = Erabala;
				TargetAttributes = {
					8468C2BE1DB0AD2D002831CE = {
						CreatedOnToolsVersion = 7.3.1;
					};
				};
			};
			buildConfigurationList = 8468C2BA1DB0AD2D002831CE /* Build configuration list for PBXProject "StoryBoardCalender" */;
			compatibilityVersion = "Xcode 3.2";
			developmentRegion = English;
			hasScannedForEncodings = 0;
			knownRegions = (
				en,
				Base,
			);
			mainGroup = 8468C2B61DB0AD2D002831CE;
			productRefGroup = 8468C2C01DB0AD2D002831CE /* Products */;
			projectDirPath = "";
			projectRoot = "";
			targets = (
				8468C2BE1DB0AD2D002831CE /* StoryBoardCalender */,
			);
		};
/* End PBXProject section */

/* Begin PBXResourcesBuildPhase section */
		8468C2BD1DB0AD2D002831CE /* Resources */ = {
			isa = PBXResourcesBuildPhase;
			buildActionMask = 2147483647;
			files = (
				8468C2D21DB0AD2D002831CE /* LaunchScreen.storyboard in Resources */,
				8468C2CF1DB0AD2D002831CE /* Assets.xcassets in Resources */,
				8468C2CD1DB0AD2D002831CE /* Main.storyboard in Resources */,
			);
			runOnlyForDeploymentPostprocessing = 0;
		};
/* End PBXResourcesBuildPhase section */

/* Begin PBXSourcesBuildPhase section */
		8468C2BB1DB0AD2D002831CE /* Sources */ = {
			isa = PBXSourcesBuildPhase;
			buildActionMask = 2147483647;
			files = (
				8468C2CA1DB0AD2D002831CE /* ViewController.m in Sources */,
				8468C2C71DB0AD2D002831CE /* AppDelegate.m in Sources */,
				8468C2C41DB0AD2D002831CE /* main.m in Sources */,
			);
			runOnlyForDeploymentPostprocessing = 0;
		};
/* End PBXSourcesBuildPhase section */

/* Begin PBXVariantGroup section */
		8468C2CB1DB0AD2D002831CE /* Main.storyboard */ = {
			isa = PBXVariantGroup;
			children = (
				8468C2CC1DB0AD2D002831CE /* Base */,
			);
			name = Main.storyboard;
			sourceTree = "<group>";
		};
		8468C2D01DB0AD2D002831CE /* LaunchScreen.storyboard */ = {
			isa = PBXVariantGroup;
			children = (
				8468C2D11DB0AD2D002831CE /* Base */,
			);
			name = LaunchScreen.storyboard;
			sourceTree = "<group>";
		};
/* End PBXVariantGroup section */

/* Begin XCBuildConfiguration section */
		8468C2D41DB0AD2D002831CE /* Debug */ = {
			isa = XCBuildConfiguration;
			buildSettings = {
				ALWAYS_SEARCH_USER_PATHS = NO;
				CLANG_ANALYZER_NONNULL = YES;
				CLANG_CXX_LANGUAGE_STANDARD = "gnu++0x";
				CLANG_CXX_LIBRARY = "libc++";
				CLANG_ENABLE_MODULES = YES;
				CLANG_ENABLE_OBJC_ARC = YES;
				CLANG_WARN_BOOL_CONVERSION = YES;
				CLANG_WARN_CONSTANT_CONVERSION = YES;
				CLANG_WARN_DIRECT_OBJC_ISA_USAGE = YES_ERROR;
				CLANG_WARN_EMPTY_BODY = YES;
				CLANG_WARN_ENUM_CONVERSION = YES;
				CLANG_WARN_INT_CONVERSION = YES;
				CLANG_WARN_OBJC_ROOT_CLASS = YES_ERROR;
				CLANG_WARN_UNREACHABLE_CODE = YES;
				CLANG_WARN__DUPLICATE_METHOD_MATCH = YES;
				"CODE_SIGN_IDENTITY[sdk=iphoneos*]" = "iPhone Developer";
				COPY_PHASE_STRIP = NO;
				DEBUG_INFORMATION_FORMAT = dwarf;
				ENABLE_STRICT_OBJC_MSGSEND = YES;
				ENABLE_TESTABILITY = YES;
				GCC_C_LANGUAGE_STANDARD = gnu99;
				GCC_DYNAMIC_NO_PIC = NO;
				GCC_NO_COMMON_BLOCKS = YES;
				GCC_OPTIMIZATION_LEVEL = 0;
				GCC_PREPROCESSOR_DEFINITIONS = (
					"DEBUG=1",
					"$(inherited)",
				);
				GCC_WARN_64_TO_32_BIT_CONVERSION = YES;
				GCC_WARN_ABOUT_RETURN_TYPE = YES_ERROR;
				GCC_WARN_UNDECLARED_SELECTOR = YES;
				GCC_WARN_UNINITIALIZED_AUTOS = YES_AGGRESSIVE;
				GCC_WARN_UNUSED_FUNCTION = YES;
				GCC_WARN_UNUSED_VARIABLE = YES;
				IPHONEOS_DEPLOYMENT_TARGET = 9.3;
				MTL_ENABLE_DEBUG_INFO = YES;
				ONLY_ACTIVE_ARCH = YES;
				SDKROOT = iphoneos;
				TARGETED_DEVICE_FAMILY = "1,2";
			};
			name = Debug;
		};
		8468C2D51DB0AD2D002831CE /* Release */ = {
			isa = XCBuildConfiguration;
			buildSettings = {
				ALWAYS_SEARCH_USER_PATHS = NO;
				CLANG_ANALYZER_NONNULL = YES;
				CLANG_CXX_LANGUAGE_STANDARD = "gnu++0x";
				CLANG_CXX_LIBRARY = "libc++";
				CLANG_ENABLE_MODULES = YES;
				CLANG_ENABLE_OBJC_ARC = YES;
				CLANG_WARN_BOOL_CONVERSION = YES;
				CLANG_WARN_CONSTANT_CONVERSION = YES;
				CLANG_WARN_DIRECT_OBJC_ISA_USAGE = YES_ERROR;
				CLANG_WARN_EMPTY_BODY = YES;
				CLANG_WARN_ENUM_CONVERSION = YES;
				CLANG_WARN_INT_CONVERSION = YES;
				CLANG_WARN_OBJC_ROOT_CLASS = YES_ERROR;
				CLANG_WARN_UNREACHABLE_CODE = YES;
				CLANG_WARN__DUPLICATE_METHOD_MATCH = YES;
				"CODE_SIGN_IDENTITY[sdk=iphoneos*]" = "iPhone Developer";
				COPY_PHASE_STRIP = NO;
				DEBUG_INFORMATION_FORMAT = "dwarf-with-dsym";
				ENABLE_NS_ASSERTIONS = NO;
				ENABLE_STRICT_OBJC_MSGSEND = YES;
				GCC_C_LANGUAGE_STANDARD = gnu99;
				GCC_NO_COMMON_BLOCKS = YES;
				GCC_WARN_64_TO_32_BIT_CONVERSION = YES;
				GCC_WARN_ABOUT_RETURN_TYPE = YES_ERROR;
				GCC_WARN_UNDECLARED_SELECTOR = YES;
				GCC_WARN_UNINITIALIZED_AUTOS = YES_AGGRESSIVE;
				GCC_WARN_UNUSED_FUNCTION = YES;
				GCC_WARN_UNUSED_VARIABLE = YES;
				IPHONEOS_DEPLOYMENT_TARGET = 9.3;
				MTL_ENABLE_DEBUG_INFO = NO;
				SDKROOT = iphoneos;
				TARGETED_DEVICE_FAMILY = "1,2";
				VALIDATE_PRODUCT = YES;
			};
			name = Release;
		};
		8468C2D71DB0AD2D002831CE /* Debug */ = {
			isa = XCBuildConfiguration;
			buildSettings = {
				ASSETCATALOG_COMPILER_APPICON_NAME = AppIcon;
				INFOPLIST_FILE = StoryBoardCalender/Info.plist;
				LD_RUNPATH_SEARCH_PATHS = "$(inherited) @executable_path/Frameworks";
				PRODUCT_BUNDLE_IDENTIFIER = eawrrMbf.StoryBoardCalender;
				PRODUCT_NAME = "$(TARGET_NAME)";
			};
			name = Debug;
		};
		8468C2D81DB0AD2D002831CE /* Release */ = {
			isa = XCBuildConfiguration;
			buildSettings = {
				ASSETCATALOG_COMPILER_APPICON_NAME = AppIcon;
				INFOPLIST_FILE = StoryBoardCalender/Info.plist;
				LD_RUNPATH_SEARCH_PATHS = "$(inherited) @executable_path/Frameworks";
				PRODUCT_BUNDLE_IDENTIFIER = eawrrMbf.StoryBoardCalender;
				PRODUCT_NAME = "$(TARGET_NAME)";
			};
			name = Release;
		};
/* End XCBuildConfiguration section */

/* Begin XCConfigurationList section */
		8468C2BA1DB0AD2D002831CE /* Build configuration list for PBXProject "StoryBoardCalender" */ = {
			isa = XCConfigurationList;
			buildConfigurations = (
				8468C2D41DB0AD2D002831CE /* Debug */,
				8468C2D51DB0AD2D002831CE /* Release */,
			);
			defaultConfigurationIsVisible = 0;
			defaultConfigurationName = Release;
		};
		8468C2D61DB0AD2D002831CE /* Build configuration list for PBXNativeTarget "StoryBoardCalender" */ = {
			isa = XCConfigurationList;
			buildConfigurations = (
				8468C2D71DB0AD2D002831CE /* Debug */,
				8468C2D81DB0AD2D002831CE /* Release */,
			);
			defaultConfigurationIsVisible = 0;
		};
/* End XCConfigurationList section */
	};
	rootObject = 8468C2B71DB0AD2D002831CE /* Project object */;
}
